<Solution>
  <Folder Name="/src/">
    <Project Path="src/FolderSync.App/FolderSync.App.csproj" />
    <Project Path="src/FolderSync.Core/FolderSync.Core.csproj" />
    <Project Path="src/FolderSync.Data/FolderSync.Data.csproj" />
    <Project Path="src/FolderSync.P2P/FolderSync.P2P.csproj" />
    <Project Path="src/FolderSync.Security/FolderSync.Security.csproj" />
    <Project Path="src/FolderSync.Sync/FolderSync.Sync.csproj" />
  </Folder>
</Solution>
